
Microsoft Visual Studio Solution File, Format Version 12.00
# Visual Studio Version 17
VisualStudioVersion = 17.5.33530.505
MinimumVisualStudioVersion = 10.0.40219.1
Project("{FAE04EC0-301F-11D3-BF4B-00C04F79EFBC}") = "Converter", "Converter\Converter.csproj", "{22CB2568-D371-4D4F-9C68-13DFD82B1B73}"
EndProject
Project("{FAE04EC0-301F-11D3-BF4B-00C04F79EFBC}") = "Converter.Models", "Converter.Models\Converter.Models.csproj", "{D6753A95-B67F-4798-8B10-A76A03F5B463}"
EndProject
Project("{FAE04EC0-301F-11D3-BF4B-00C04F79EFBC}") = "Converter.Services", "Converter.Services\Converter.Services.csproj", "{8EEB3CA8-7379-42CA-AAE8-3B97B321EC13}"
EndProject
Global
	GlobalSection(SolutionConfigurationPlatforms) = preSolution
		Debug|Any CPU = Debug|Any CPU
		Release|Any CPU = Release|Any CPU
	EndGlobalSection
	GlobalSection(ProjectConfigurationPlatforms) = postSolution
		{22CB2568-D371-4D4F-9C68-13DFD82B1B73}.Debug|Any CPU.ActiveCfg = Debug|Any CPU
		{22CB2568-D371-4D4F-9C68-13DFD82B1B73}.Debug|Any CPU.Build.0 = Debug|Any CPU
		{22CB2568-D371-4D4F-9C68-13DFD82B1B73}.Release|Any CPU.ActiveCfg = Release|Any CPU
		{22CB2568-D371-4D4F-9C68-13DFD82B1B73}.Release|Any CPU.Build.0 = Release|Any CPU
		{D6753A95-B67F-4798-8B10-A76A03F5B463}.Debug|Any CPU.ActiveCfg = Debug|Any CPU
		{D6753A95-B67F-4798-8B10-A76A03F5B463}.Debug|Any CPU.Build.0 = Debug|Any CPU
		{D6753A95-B67F-4798-8B10-A76A03F5B463}.Release|Any CPU.ActiveCfg = Release|Any CPU
		{D6753A95-B67F-4798-8B10-A76A03F5B463}.Release|Any CPU.Build.0 = Release|Any CPU
		{8EEB3CA8-7379-42CA-AAE8-3B97B321EC13}.Debug|Any CPU.ActiveCfg = Debug|Any CPU
		{8EEB3CA8-7379-42CA-AAE8-3B97B321EC13}.Debug|Any CPU.Build.0 = Debug|Any CPU
		{8EEB3CA8-7379-42CA-AAE8-3B97B321EC13}.Release|Any CPU.ActiveCfg = Release|Any CPU
		{8EEB3CA8-7379-42CA-AAE8-3B97B321EC13}.Release|Any CPU.Build.0 = Release|Any CPU
	EndGlobalSection
	GlobalSection(SolutionProperties) = preSolution
		HideSolutionNode = FALSE
	EndGlobalSection
	GlobalSection(ExtensibilityGlobals) = postSolution
		SolutionGuid = {F7CFBD7A-1A47-4567-BCB7-57C87A85C9BE}
	EndGlobalSection
EndGlobal
